{
  "name": "manyan-demo",
  "version": "0.1.0",
  "lockfileVersion": 1,
  "requires": true,
  "dependencies": {
    "react-app-rewired": {
      "version": "2.1.4",
      "resolved": "https://registry.npm.taobao.org/react-app-rewired/download/react-app-rewired-2.1.4.tgz",
      "integrity": "sha1-fYux9lWWk/iTytyJDUC1QEAkAMw=",
      "requires": {
        "semver": "^5.6.0"
      }
    },
    "semver": {
      "version": "5.7.1",
      "resolved": "https://registry.npm.taobao.org/semver/download/semver-5.7.1.tgz?cache=0&sync_timestamp=1565627380363&other_urls=https%3A%2F%2Fregistry.npm.taobao.org%2Fsemver%2Fdownload%2Fsemver-5.7.1.tgz",
      "integrity": "sha1-qVT5Ma66UI0we78Gnv8MAclhFvc="
    }
  }
}
